
Microsoft Visual Studio Solution File, Format Version 12.00
# Visual Studio 15
VisualStudioVersion = 15.0.26711.1
MinimumVisualStudioVersion = 10.0.40219.1
Project("{9A19103F-16F7-4668-BE54-9A1E7A4F7556}") = "EmuConfigurator", "EmuConfigurator\EmuConfigurator.csproj", "{42D395F4-22E8-4620-A469-AE0E51A18993}"
EndProject
Global
	GlobalSection(SolutionConfigurationPlatforms) = preSolution
		Debug|Any CPU = Debug|Any CPU
		Debug|Winx64 = Debug|Winx64
		Debug|Winx86 = Debug|Winx86
		Release|Any CPU = Release|Any CPU
		Release|Winx64 = Release|Winx64
		Release|Winx86 = Release|Winx86
	EndGlobalSection
	GlobalSection(ProjectConfigurationPlatforms) = postSolution
		{42D395F4-22E8-4620-A469-AE0E51A18993}.Debug|Any CPU.ActiveCfg = Debug|Any CPU
		{42D395F4-22E8-4620-A469-AE0E51A18993}.Debug|Any CPU.Build.0 = Debug|Any CPU
		{42D395F4-22E8-4620-A469-AE0E51A18993}.Debug|Winx64.ActiveCfg = Debug|Any CPU
		{42D395F4-22E8-4620-A469-AE0E51A18993}.Debug|Winx64.Build.0 = Debug|Any CPU
		{42D395F4-22E8-4620-A469-AE0E51A18993}.Debug|Winx86.ActiveCfg = Debug|Any CPU
		{42D395F4-22E8-4620-A469-AE0E51A18993}.Debug|Winx86.Build.0 = Debug|Any CPU
		{42D395F4-22E8-4620-A469-AE0E51A18993}.Release|Any CPU.ActiveCfg = Release|Any CPU
		{42D395F4-22E8-4620-A469-AE0E51A18993}.Release|Any CPU.Build.0 = Release|Any CPU
		{42D395F4-22E8-4620-A469-AE0E51A18993}.Release|Winx64.ActiveCfg = Release|Any CPU
		{42D395F4-22E8-4620-A469-AE0E51A18993}.Release|Winx64.Build.0 = Release|Any CPU
		{42D395F4-22E8-4620-A469-AE0E51A18993}.Release|Winx86.ActiveCfg = Release|Any CPU
		{42D395F4-22E8-4620-A469-AE0E51A18993}.Release|Winx86.Build.0 = Release|Any CPU
	EndGlobalSection
	GlobalSection(SolutionProperties) = preSolution
		HideSolutionNode = FALSE
	EndGlobalSection
	GlobalSection(ExtensibilityGlobals) = postSolution
		SolutionGuid = {B21BFC02-850B-434B-81CE-162231F587B4}
	EndGlobalSection
EndGlobal
